{
  "name": "complete-nodejs",
  "version": "1.0.0",
  "lockfileVersion": 3,
  "requires": true,
  "packages": {
    "": {
      "name": "complete-nodejs",
      "version": "1.0.0",
      "license": "ISC",
      "dependencies": {
        "progress": "^2.0.3",
        "progressbar": "^1.3.0"
      }
    },
    "node_modules/editions": {
      "version": "1.3.4",
      "resolved": "https://registry.npmjs.org/editions/-/editions-1.3.4.tgz",
      "integrity": "sha512-gzao+mxnYDzIysXKMQi/+M1mjy/rjestjg6OPoYTtI+3Izp23oiGZitsl9lPDPiTGXbcSIk1iJWhliSaglxnUg==",
      "license": "MIT",
      "engines": {
        "node": ">=0.8"
      }
    },
    "node_modules/progress": {
      "version": "2.0.3",
      "resolved": "https://registry.npmjs.org/progress/-/progress-2.0.3.tgz",
      "integrity": "sha512-7PiHtLll5LdnKIMw100I+8xJXR5gW2QwWYkT6iJva0bXitZKa/XMrSbdmg3r2Xnaidz9Qumd0VPaMrZlF9V9sA==",
      "license": "MIT",
      "engines": {
        "node": ">=0.4.0"
      }
    },
    "node_modules/progressbar": {
      "version": "1.3.0",
      "resolved": "https://registry.npmjs.org/progressbar/-/progressbar-1.3.0.tgz",
      "integrity": "sha512-lOncE1DwVI/ioINInGrR0hsFG8I82H9RzMY1bghVAhoU3f+S/JurtfFLpNoEZTnjQ5FS9ZpHSoeZlxig8uyJtw==",
      "license": "MIT",
      "dependencies": {
        "editions": "^1.3.3",
        "progress": "2.0.0"
      },
      "engines": {
        "node": ">=0.12"
      }
    },
    "node_modules/progressbar/node_modules/progress": {
      "version": "2.0.0",
      "resolved": "https://registry.npmjs.org/progress/-/progress-2.0.0.tgz",
      "integrity": "sha512-TRNLrLfTyjKMs865PwLv6WM5TTMRvzqcZTkKaMVd0ooNM0fnMM8aEp0/7IpnGo295TAiI13Ju30zBZK0rdWZUg==",
      "license": "MIT",
      "engines": {
        "node": ">=0.4.0"
      }
    }
  }
}
